<?xml version="1.0" encoding="utf-8"?>
<Project ToolsVersion="4.0" xmlns="http://schemas.microsoft.com/developer/msbuild/2003">
  <ItemGroup>
    <Filter Include="源文件">
      <UniqueIdentifier>{4FC737F1-C7A5-4376-A066-2A32D752A2FF}</UniqueIdentifier>
      <Extensions>cpp;c;cc;cxx;def;odl;idl;hpj;bat;asm;asmx</Extensions>
    </Filter>
    <Filter Include="头文件">
      <UniqueIdentifier>{93995380-89BD-4b04-88EB-625FBE52EBFB}</UniqueIdentifier>
      <Extensions>h;hh;hpp;hxx;hm;inl;inc;xsd</Extensions>
    </Filter>
    <Filter Include="资源文件">
      <UniqueIdentifier>{67DA6AB6-F800-4c08-8B7A-83BB121AAD01}</UniqueIdentifier>
      <Extensions>rc;ico;cur;bmp;dlg;rc2;rct;bin;rgs;gif;jpg;jpeg;jpe;resx;tiff;tif;png;wav;mfcribbon-ms</Extensions>
    </Filter>
  </ItemGroup>
  <ItemGroup>
    <ClInclude Include="..\..\agv.h">
      <Filter>头文件</Filter>
    </ClInclude>
    <ClInclude Include="..\..\agvline.h">
      <Filter>头文件</Filter>
    </ClInclude>
    <ClInclude Include="..\..\agvmanager.h">
      <Filter>头文件</Filter>
    </ClInclude>
    <ClInclude Include="..\..\agvstation.h">
      <Filter>头文件</Filter>
    </ClInclude>
    <ClInclude Include="..\..\agvtask.h">
      <Filter>头文件</Filter>
    </ClInclude>
    <ClInclude Include="..\..\agvtasknode.h">
      <Filter>头文件</Filter>
    </ClInclude>
    <ClInclude Include="..\..\agvtasknodedothing.h">
      <Filter>头文件</Filter>
    </ClInclude>
    <ClInclude Include="..\..\common.h">
      <Filter>头文件</Filter>
    </ClInclude>
    <ClInclude Include="..\..\mapmanager.h">
      <Filter>头文件</Filter>
    </ClInclude>
    <ClInclude Include="..\..\msgprocess.h">
      <Filter>头文件</Filter>
    </ClInclude>
    <ClInclude Include="..\..\protocol.h">
      <Filter>头文件</Filter>
    </ClInclude>
    <ClInclude Include="..\..\qyhtcpclient.h">
      <Filter>头文件</Filter>
    </ClInclude>
    <ClInclude Include="..\..\taskmanager.h">
      <Filter>头文件</Filter>
    </ClInclude>
    <ClInclude Include="..\..\userlogmanager.h">
      <Filter>头文件</Filter>
    </ClInclude>
    <ClInclude Include="..\..\usermanager.h">
      <Filter>头文件</Filter>
    </ClInclude>
    <ClInclude Include="..\..\network\networkconfig.h">
      <Filter>头文件</Filter>
    </ClInclude>
    <ClInclude Include="..\..\network\sessionmanager.h">
      <Filter>头文件</Filter>
    </ClInclude>
    <ClInclude Include="..\..\network\tcpsession.h">
      <Filter>头文件</Filter>
    </ClInclude>
    <ClInclude Include="..\..\network\common\networkcommon.h">
      <Filter>头文件</Filter>
    </ClInclude>
    <ClInclude Include="..\..\network\epoll\epoll.h">
      <Filter>头文件</Filter>
    </ClInclude>
    <ClInclude Include="..\..\network\epoll\epoll_common.h">
      <Filter>头文件</Filter>
    </ClInclude>
    <ClInclude Include="..\..\network\epoll\epollaccept.h">
      <Filter>头文件</Filter>
    </ClInclude>
    <ClInclude Include="..\..\network\epoll\epollsocket.h">
      <Filter>头文件</Filter>
    </ClInclude>
    <ClInclude Include="..\..\network\iocp\iocp.h">
      <Filter>头文件</Filter>
    </ClInclude>
    <ClInclude Include="..\..\network\iocp\iocp_common.h">
      <Filter>头文件</Filter>
    </ClInclude>
    <ClInclude Include="..\..\network\iocp\iocpaccept.h">
      <Filter>头文件</Filter>
    </ClInclude>
    <ClInclude Include="..\..\network\iocp\iocpsocket.h">
      <Filter>头文件</Filter>
    </ClInclude>
    <ClInclude Include="..\..\network\timer\timer.h">
      <Filter>头文件</Filter>
    </ClInclude>
    <ClInclude Include="..\..\sqlite3\CppSQLite3.h">
      <Filter>头文件</Filter>
    </ClInclude>
    <ClInclude Include="..\..\utils\noncopyable.h">
      <Filter>头文件</Filter>
    </ClInclude>
    <ClInclude Include="..\..\utils\threadpool.h">
      <Filter>头文件</Filter>
    </ClInclude>
    <ClInclude Include="..\..\utils\Log\easylogging.h">
      <Filter>头文件</Filter>
    </ClInclude>
    <ClInclude Include="..\..\Jacking\jackingagv.h">
      <Filter>头文件</Filter>
    </ClInclude>
    <ClInclude Include="..\..\Jacking\jackingagvthingturn.h">
      <Filter>头文件</Filter>
    </ClInclude>
    <ClInclude Include="..\..\Jacking\jacktaskmaker.h">
      <Filter>头文件</Filter>
    </ClInclude>
  </ItemGroup>
  <ItemGroup>
    <ClCompile Include="..\..\agv.cpp">
      <Filter>源文件</Filter>
    </ClCompile>
    <ClCompile Include="..\..\agvmanager.cpp">
      <Filter>源文件</Filter>
    </ClCompile>
    <ClCompile Include="..\..\common.cpp">
      <Filter>源文件</Filter>
    </ClCompile>
    <ClCompile Include="..\..\main.cpp">
      <Filter>源文件</Filter>
    </ClCompile>
    <ClCompile Include="..\..\mapmanager.cpp">
      <Filter>源文件</Filter>
    </ClCompile>
    <ClCompile Include="..\..\msgprocess.cpp">
      <Filter>源文件</Filter>
    </ClCompile>
    <ClCompile Include="..\..\qyhtcpclient.cpp">
      <Filter>源文件</Filter>
    </ClCompile>
    <ClCompile Include="..\..\taskmanager.cpp">
      <Filter>源文件</Filter>
    </ClCompile>
    <ClCompile Include="..\..\userlogmanager.cpp">
      <Filter>源文件</Filter>
    </ClCompile>
    <ClCompile Include="..\..\usermanager.cpp">
      <Filter>源文件</Filter>
    </ClCompile>
    <ClCompile Include="..\..\network\sessionmanager.cpp">
      <Filter>源文件</Filter>
    </ClCompile>
    <ClCompile Include="..\..\network\tcpsession.cpp">
      <Filter>源文件</Filter>
    </ClCompile>
    <ClCompile Include="..\..\network\common\networkcommon.cpp">
      <Filter>源文件</Filter>
    </ClCompile>
    <ClCompile Include="..\..\network\epoll\epoll.cpp">
      <Filter>源文件</Filter>
    </ClCompile>
    <ClCompile Include="..\..\network\epoll\epollaccept.cpp">
      <Filter>源文件</Filter>
    </ClCompile>
    <ClCompile Include="..\..\network\epoll\epollsocket.cpp">
      <Filter>源文件</Filter>
    </ClCompile>
    <ClCompile Include="..\..\network\iocp\iocp.cpp">
      <Filter>源文件</Filter>
    </ClCompile>
    <ClCompile Include="..\..\network\iocp\iocpaccept.cpp">
      <Filter>源文件</Filter>
    </ClCompile>
    <ClCompile Include="..\..\network\iocp\iocpsocket.cpp">
      <Filter>源文件</Filter>
    </ClCompile>
    <ClCompile Include="..\..\network\timer\timer.cpp">
      <Filter>源文件</Filter>
    </ClCompile>
    <ClCompile Include="..\..\sqlite3\CppSQLite3.cpp">
      <Filter>源文件</Filter>
    </ClCompile>
    <ClCompile Include="..\..\utils\Log\easylogging.cpp">
      <Filter>源文件</Filter>
    </ClCompile>
    <ClCompile Include="..\..\taskmaker.cpp">
      <Filter>源文件</Filter>
    </ClCompile>
    <ClCompile Include="..\..\Jacking\jackingagv.cpp">
      <Filter>源文件</Filter>
    </ClCompile>
    <ClCompile Include="..\..\Jacking\jackingagvthingturn.cpp">
      <Filter>源文件</Filter>
    </ClCompile>
    <ClCompile Include="..\..\Jacking\jacktaskmaker.cpp">
      <Filter>源文件</Filter>
    </ClCompile>
  </ItemGroup>
  <ItemGroup>
    <None Include="..\..\log-conf.conf" />
  </ItemGroup>
</Project>