<?xml version="1.0" encoding="utf-8"?>
<Project ToolsVersion="4.0" xmlns="http://schemas.microsoft.com/developer/msbuild/2003">
  <ItemGroup>
    <Filter Include="源文件">
      <UniqueIdentifier>{4FC737F1-C7A5-4376-A066-2A32D752A2FF}</UniqueIdentifier>
      <Extensions>cpp;c;cc;cxx;def;odl;idl;hpj;bat;asm;asmx</Extensions>
    </Filter>
    <Filter Include="头文件">
      <UniqueIdentifier>{93995380-89BD-4b04-88EB-625FBE52EBFB}</UniqueIdentifier>
      <Extensions>h;hh;hpp;hxx;hm;inl;inc;xsd</Extensions>
    </Filter>
    <Filter Include="资源文件">
      <UniqueIdentifier>{67DA6AB6-F800-4c08-8B7A-83BB121AAD01}</UniqueIdentifier>
      <Extensions>rc;ico;cur;bmp;dlg;rc2;rct;bin;rgs;gif;jpg;jpeg;jpe;resx;tiff;tif;png;wav;mfcribbon-ms</Extensions>
    </Filter>
  </ItemGroup>
  <ItemGroup>
    <ClInclude Include="..\..\agv.h">
      <Filter>头文件</Filter>
    </ClInclude>
    <ClInclude Include="..\..\agvmanager.h">
      <Filter>头文件</Filter>
    </ClInclude>
    <ClInclude Include="..\..\agvtasknode.h">
      <Filter>头文件</Filter>
    </ClInclude>
    <ClInclude Include="..\..\agvtasknodedothing.h">
      <Filter>头文件</Filter>
    </ClInclude>
    <ClInclude Include="..\..\common.h">
      <Filter>头文件</Filter>
    </ClInclude>
    <ClInclude Include="..\..\msgprocess.h">
      <Filter>头文件</Filter>
    </ClInclude>
    <ClInclude Include="..\..\protocol.h">
      <Filter>头文件</Filter>
    </ClInclude>
    <ClInclude Include="..\..\taskmanager.h">
      <Filter>头文件</Filter>
    </ClInclude>
    <ClInclude Include="..\..\userlogmanager.h">
      <Filter>头文件</Filter>
    </ClInclude>
    <ClInclude Include="..\..\usermanager.h">
      <Filter>头文件</Filter>
    </ClInclude>
    <ClInclude Include="..\..\network\sessionmanager.h">
      <Filter>头文件</Filter>
    </ClInclude>
    <ClInclude Include="..\..\network\tcpsession.h">
      <Filter>头文件</Filter>
    </ClInclude>
    <ClInclude Include="..\..\sqlite3\CppSQLite3.h">
      <Filter>头文件</Filter>
    </ClInclude>
    <ClInclude Include="..\..\utils\noncopyable.h">
      <Filter>头文件</Filter>
    </ClInclude>
    <ClInclude Include="..\..\utils\threadpool.h">
      <Filter>头文件</Filter>
    </ClInclude>
    <ClInclude Include="..\..\mapmap\mapbackground.h">
      <Filter>头文件</Filter>
    </ClInclude>
    <ClInclude Include="..\..\mapmap\mapblock.h">
      <Filter>头文件</Filter>
    </ClInclude>
    <ClInclude Include="..\..\mapmap\mapfloor.h">
      <Filter>头文件</Filter>
    </ClInclude>
    <ClInclude Include="..\..\mapmap\mapgroup.h">
      <Filter>头文件</Filter>
    </ClInclude>
    <ClInclude Include="..\..\mapmap\mappath.h">
      <Filter>头文件</Filter>
    </ClInclude>
    <ClInclude Include="..\..\mapmap\mappoint.h">
      <Filter>头文件</Filter>
    </ClInclude>
    <ClInclude Include="..\..\mapmap\mapspirit.h">
      <Filter>头文件</Filter>
    </ClInclude>
    <ClInclude Include="..\..\mapmap\onemap.h">
      <Filter>头文件</Filter>
    </ClInclude>
    <ClInclude Include="..\..\mapmap\mapmanager.h">
      <Filter>头文件</Filter>
    </ClInclude>
    <ClInclude Include="..\..\base64.h">
      <Filter>头文件</Filter>
    </ClInclude>
    <ClInclude Include="..\..\agvImpl\ros\agv\linepath.h">
      <Filter>头文件</Filter>
    </ClInclude>
    <ClInclude Include="..\..\agvImpl\ros\agv\rosAgv.h">
      <Filter>头文件</Filter>
    </ClInclude>
    <ClInclude Include="..\..\qunchuang\qunchuangnodethingget.h">
      <Filter>头文件</Filter>
    </ClInclude>
    <ClInclude Include="..\..\qunchuang\qunchuangnodetingput.h">
      <Filter>头文件</Filter>
    </ClInclude>
    <ClInclude Include="..\..\qunchuang\qunchuangtaskmaker.h">
      <Filter>头文件</Filter>
    </ClInclude>
    <ClInclude Include="..\..\qunchuang\qunchuangtcsconnection.h">
      <Filter>头文件</Filter>
    </ClInclude>
    <ClInclude Include="..\..\bezierarc.h">
      <Filter>头文件</Filter>
    </ClInclude>
    <ClInclude Include="..\..\realagv.h">
      <Filter>头文件</Filter>
    </ClInclude>
    <ClInclude Include="..\..\virtualagv.h">
      <Filter>头文件</Filter>
    </ClInclude>
    <ClInclude Include="..\..\virtualrosagv.h">
      <Filter>头文件</Filter>
    </ClInclude>
    <ClInclude Include="..\..\device\device.h">
      <Filter>头文件</Filter>
    </ClInclude>
    <ClInclude Include="..\..\qunchuang\chipmounter\chipmounter.h">
      <Filter>头文件</Filter>
    </ClInclude>
    <ClInclude Include="..\..\qunchuang\msg.h">
      <Filter>头文件</Filter>
    </ClInclude>
    <ClInclude Include="..\..\device\elevator\elevator.h">
      <Filter>头文件</Filter>
    </ClInclude>
    <ClInclude Include="..\..\device\elevator\elevator_protocol.h">
      <Filter>头文件</Filter>
    </ClInclude>
    <ClInclude Include="..\..\qingdao\qingdaotaskmaker.h">
      <Filter>头文件</Filter>
    </ClInclude>
    <ClInclude Include="..\..\qingdao\qingdaonodetingput.h">
      <Filter>头文件</Filter>
    </ClInclude>
    <ClInclude Include="..\..\qingdao\qingdaonodetingget.h">
      <Filter>头文件</Filter>
    </ClInclude>
    <ClInclude Include="..\..\qingdao\qingdaonodetingcharge.h">
      <Filter>头文件</Filter>
    </ClInclude>
    <ClInclude Include="..\..\Dongyao\dyforklift.h">
      <Filter>头文件</Filter>
    </ClInclude>
    <ClInclude Include="..\..\Dongyao\dyforkliftthingfork.h">
      <Filter>头文件</Filter>
    </ClInclude>
    <ClInclude Include="..\..\Dongyao\dyforkliftthingturn.h">
      <Filter>头文件</Filter>
    </ClInclude>
    <ClInclude Include="..\..\Dongyao\dyforkliftupdwms.h">
      <Filter>头文件</Filter>
    </ClInclude>
    <ClInclude Include="..\..\Dongyao\dymappath.h">
      <Filter>头文件</Filter>
    </ClInclude>
    <ClInclude Include="..\..\Dongyao\dytaskmaker.h">
      <Filter>头文件</Filter>
    </ClInclude>
    <ClInclude Include="..\..\Dongyao\charge\chargemachine.h">
      <Filter>头文件</Filter>
    </ClInclude>
    <ClInclude Include="..\..\qyhbuffer.h">
      <Filter>头文件</Filter>
    </ClInclude>
    <ClInclude Include="..\..\network\acceptor.h">
      <Filter>头文件</Filter>
    </ClInclude>
    <ClInclude Include="..\..\network\session.h">
      <Filter>头文件</Filter>
    </ClInclude>
    <ClInclude Include="..\..\network\tcpacceptor.h">
      <Filter>头文件</Filter>
    </ClInclude>
    <ClInclude Include="..\..\network\tcpclient.h">
      <Filter>头文件</Filter>
    </ClInclude>
    <ClInclude Include="..\..\network\websocketacceptor.h">
      <Filter>头文件</Filter>
    </ClInclude>
    <ClInclude Include="..\..\network\websocketsession.h">
      <Filter>头文件</Filter>
    </ClInclude>
    <ClInclude Include="..\..\Anting\atforklift.h">
      <Filter>头文件</Filter>
    </ClInclude>
    <ClInclude Include="..\..\Anting\atforkliftthingfork.h">
      <Filter>头文件</Filter>
    </ClInclude>
    <ClInclude Include="..\..\Anting\attaskmaker.h">
      <Filter>头文件</Filter>
    </ClInclude>
    <ClInclude Include="..\..\Anting\station_pos.h">
      <Filter>头文件</Filter>
    </ClInclude>
  </ItemGroup>
  <ItemGroup>
    <ClCompile Include="..\..\agv.cpp">
      <Filter>源文件</Filter>
    </ClCompile>
    <ClCompile Include="..\..\agvmanager.cpp">
      <Filter>源文件</Filter>
    </ClCompile>
    <ClCompile Include="..\..\common.cpp">
      <Filter>源文件</Filter>
    </ClCompile>
    <ClCompile Include="..\..\main.cpp">
      <Filter>源文件</Filter>
    </ClCompile>
    <ClCompile Include="..\..\msgprocess.cpp">
      <Filter>源文件</Filter>
    </ClCompile>
    <ClCompile Include="..\..\taskmanager.cpp">
      <Filter>源文件</Filter>
    </ClCompile>
    <ClCompile Include="..\..\userlogmanager.cpp">
      <Filter>源文件</Filter>
    </ClCompile>
    <ClCompile Include="..\..\usermanager.cpp">
      <Filter>源文件</Filter>
    </ClCompile>
    <ClCompile Include="..\..\network\sessionmanager.cpp">
      <Filter>源文件</Filter>
    </ClCompile>
    <ClCompile Include="..\..\network\tcpsession.cpp">
      <Filter>源文件</Filter>
    </ClCompile>
    <ClCompile Include="..\..\sqlite3\CppSQLite3.cpp">
      <Filter>源文件</Filter>
    </ClCompile>
    <ClCompile Include="..\..\taskmaker.cpp">
      <Filter>源文件</Filter>
    </ClCompile>
    <ClCompile Include="..\..\mapmap\mapbackground.cpp">
      <Filter>源文件</Filter>
    </ClCompile>
    <ClCompile Include="..\..\mapmap\mapblock.cpp">
      <Filter>源文件</Filter>
    </ClCompile>
    <ClCompile Include="..\..\mapmap\mapfloor.cpp">
      <Filter>源文件</Filter>
    </ClCompile>
    <ClCompile Include="..\..\mapmap\mapgroup.cpp">
      <Filter>源文件</Filter>
    </ClCompile>
    <ClCompile Include="..\..\mapmap\mappath.cpp">
      <Filter>源文件</Filter>
    </ClCompile>
    <ClCompile Include="..\..\mapmap\mappoint.cpp">
      <Filter>源文件</Filter>
    </ClCompile>
    <ClCompile Include="..\..\mapmap\mapspirit.cpp">
      <Filter>源文件</Filter>
    </ClCompile>
    <ClCompile Include="..\..\mapmap\onemap.cpp">
      <Filter>源文件</Filter>
    </ClCompile>
    <ClCompile Include="..\..\mapmap\mapmanager.cpp">
      <Filter>源文件</Filter>
    </ClCompile>
    <ClCompile Include="..\..\base64.cpp">
      <Filter>源文件</Filter>
    </ClCompile>
    <ClCompile Include="..\..\agvImpl\ros\agv\rosAgv.cpp">
      <Filter>源文件</Filter>
    </ClCompile>
    <ClCompile Include="..\..\qunchuang\qunchuangnodethingget.cpp">
      <Filter>源文件</Filter>
    </ClCompile>
    <ClCompile Include="..\..\qunchuang\qunchuangnodetingput.cpp">
      <Filter>源文件</Filter>
    </ClCompile>
    <ClCompile Include="..\..\qunchuang\qunchuangtaskmaker.cpp">
      <Filter>源文件</Filter>
    </ClCompile>
    <ClCompile Include="..\..\qunchuang\qunchuangtcsconnection.cpp">
      <Filter>源文件</Filter>
    </ClCompile>
    <ClCompile Include="..\..\bezierarc.cpp">
      <Filter>源文件</Filter>
    </ClCompile>
    <ClCompile Include="..\..\realagv.cpp">
      <Filter>源文件</Filter>
    </ClCompile>
    <ClCompile Include="..\..\virtualagv.cpp">
      <Filter>源文件</Filter>
    </ClCompile>
    <ClCompile Include="..\..\virtualrosagv.cpp">
      <Filter>源文件</Filter>
    </ClCompile>
    <ClCompile Include="..\..\device\device.cpp">
      <Filter>源文件</Filter>
    </ClCompile>
    <ClCompile Include="..\..\qunchuang\chipmounter\chipmounter.cpp">
      <Filter>源文件</Filter>
    </ClCompile>
    <ClCompile Include="..\..\qunchuang\msg.cpp">
      <Filter>源文件</Filter>
    </ClCompile>
    <ClCompile Include="..\..\device\elevator\elevator.cpp">
      <Filter>源文件</Filter>
    </ClCompile>
    <ClCompile Include="..\..\device\elevator\elevator_protocol.cpp">
      <Filter>源文件</Filter>
    </ClCompile>
    <ClCompile Include="..\..\qingdao\qingdaotaskmaker.cpp">
      <Filter>源文件</Filter>
    </ClCompile>
    <ClCompile Include="..\..\qingdao\qingdaonodetingput.cpp">
      <Filter>源文件</Filter>
    </ClCompile>
    <ClCompile Include="..\..\qingdao\qingdaonodetingget.cpp">
      <Filter>源文件</Filter>
    </ClCompile>
    <ClCompile Include="..\..\qingdao\qingdaonodetingcharge.cpp">
      <Filter>源文件</Filter>
    </ClCompile>
    <ClCompile Include="..\..\Dongyao\dyforklift.cpp">
      <Filter>源文件</Filter>
    </ClCompile>
    <ClCompile Include="..\..\Dongyao\dyforkliftthingfork.cpp">
      <Filter>源文件</Filter>
    </ClCompile>
    <ClCompile Include="..\..\Dongyao\dyforkliftthingturn.cpp">
      <Filter>源文件</Filter>
    </ClCompile>
    <ClCompile Include="..\..\Dongyao\dyforkliftupdwms.cpp">
      <Filter>源文件</Filter>
    </ClCompile>
    <ClCompile Include="..\..\Dongyao\dymappath.cpp">
      <Filter>源文件</Filter>
    </ClCompile>
    <ClCompile Include="..\..\Dongyao\dytaskmaker.cpp">
      <Filter>源文件</Filter>
    </ClCompile>
    <ClCompile Include="..\..\Dongyao\charge\chargemachine.cpp">
      <Filter>源文件</Filter>
    </ClCompile>
    <ClCompile Include="..\..\qyhbuffer.cpp">
      <Filter>源文件</Filter>
    </ClCompile>
    <ClCompile Include="..\..\network\websocketacceptor.cpp">
      <Filter>源文件</Filter>
    </ClCompile>
    <ClCompile Include="..\..\network\websocketsession.cpp">
      <Filter>源文件</Filter>
    </ClCompile>
    <ClCompile Include="..\..\network\tcpacceptor.cpp">
      <Filter>源文件</Filter>
    </ClCompile>
    <ClCompile Include="..\..\network\acceptor.cpp">
      <Filter>源文件</Filter>
    </ClCompile>
    <ClCompile Include="..\..\network\session.cpp">
      <Filter>源文件</Filter>
    </ClCompile>
    <ClCompile Include="..\..\network\tcpclient.cpp">
      <Filter>源文件</Filter>
    </ClCompile>
    <ClCompile Include="..\..\Anting\atforklift.cpp">
      <Filter>源文件</Filter>
    </ClCompile>
    <ClCompile Include="..\..\Anting\atforkliftthingfork.cpp">
      <Filter>源文件</Filter>
    </ClCompile>
    <ClCompile Include="..\..\Anting\attaskmaker.cpp">
      <Filter>源文件</Filter>
    </ClCompile>
  </ItemGroup>
</Project>